
Microsoft Visual Studio Solution File, Format Version 12.00
# Visual Studio Version 17
VisualStudioVersion = 17.0.31903.59
MinimumVisualStudioVersion = 10.0.40219.1
Project("{FAE04EC0-301F-11D3-BF4B-00C04F79EFBC}") = "API", "API\API.csproj", "{DBF2A3EC-D55B-459A-8244-7F85BE4D900D}"
EndProject
Project("{FAE04EC0-301F-11D3-BF4B-00C04F79EFBC}") = "Core", "Core\Core.csproj", "{7371D27C-8BD9-49EA-AE55-F4880B666B61}"
EndProject
Project("{FAE04EC0-301F-11D3-BF4B-00C04F79EFBC}") = "Infrastructure", "Infrastructure\Infrastructure.csproj", "{FB112AC2-9B20-425A-AEB4-75A436151794}"
EndProject
Global
	GlobalSection(SolutionConfigurationPlatforms) = preSolution
		Debug|Any CPU = Debug|Any CPU
		Release|Any CPU = Release|Any CPU
	EndGlobalSection
	GlobalSection(SolutionProperties) = preSolution
		HideSolutionNode = FALSE
	EndGlobalSection
	GlobalSection(ProjectConfigurationPlatforms) = postSolution
		{DBF2A3EC-D55B-459A-8244-7F85BE4D900D}.Debug|Any CPU.ActiveCfg = Debug|Any CPU
		{DBF2A3EC-D55B-459A-8244-7F85BE4D900D}.Debug|Any CPU.Build.0 = Debug|Any CPU
		{DBF2A3EC-D55B-459A-8244-7F85BE4D900D}.Release|Any CPU.ActiveCfg = Release|Any CPU
		{DBF2A3EC-D55B-459A-8244-7F85BE4D900D}.Release|Any CPU.Build.0 = Release|Any CPU
		{7371D27C-8BD9-49EA-AE55-F4880B666B61}.Debug|Any CPU.ActiveCfg = Debug|Any CPU
		{7371D27C-8BD9-49EA-AE55-F4880B666B61}.Debug|Any CPU.Build.0 = Debug|Any CPU
		{7371D27C-8BD9-49EA-AE55-F4880B666B61}.Release|Any CPU.ActiveCfg = Release|Any CPU
		{7371D27C-8BD9-49EA-AE55-F4880B666B61}.Release|Any CPU.Build.0 = Release|Any CPU
		{FB112AC2-9B20-425A-AEB4-75A436151794}.Debug|Any CPU.ActiveCfg = Debug|Any CPU
		{FB112AC2-9B20-425A-AEB4-75A436151794}.Debug|Any CPU.Build.0 = Debug|Any CPU
		{FB112AC2-9B20-425A-AEB4-75A436151794}.Release|Any CPU.ActiveCfg = Release|Any CPU
		{FB112AC2-9B20-425A-AEB4-75A436151794}.Release|Any CPU.Build.0 = Release|Any CPU
	EndGlobalSection
EndGlobal
